
Microsoft Visual Studio Solution File, Format Version 12.00
# Visual Studio Version 17
VisualStudioVersion = 17.7.34024.191
MinimumVisualStudioVersion = 10.0.40219.1
Project("{FAE04EC0-301F-11D3-BF4B-00C04F79EFBC}") = "SignalRChat", "SignalRChat.csproj", "{3DE64EFD-C4C6-4BD4-915E-29DFFA92783C}"
EndProject
Global
	GlobalSection(SolutionConfigurationPlatforms) = preSolution
		Debug|Any CPU = Debug|Any CPU
		Release|Any CPU = Release|Any CPU
	EndGlobalSection
	GlobalSection(ProjectConfigurationPlatforms) = postSolution
		{3DE64EFD-C4C6-4BD4-915E-29DFFA92783C}.Debug|Any CPU.ActiveCfg = Debug|Any CPU
		{3DE64EFD-C4C6-4BD4-915E-29DFFA92783C}.Debug|Any CPU.Build.0 = Debug|Any CPU
		{3DE64EFD-C4C6-4BD4-915E-29DFFA92783C}.Release|Any CPU.ActiveCfg = Release|Any CPU
		{3DE64EFD-C4C6-4BD4-915E-29DFFA92783C}.Release|Any CPU.Build.0 = Release|Any CPU
	EndGlobalSection
	GlobalSection(SolutionProperties) = preSolution
		HideSolutionNode = FALSE
	EndGlobalSection
	GlobalSection(ExtensibilityGlobals) = postSolution
		SolutionGuid = {4F99FA9B-6904-4FC0-B005-628A6CC6D698}
	EndGlobalSection
EndGlobal
